# This file is automatically @generated by Cargo.
# It is not intended for manual editing.
version = 3

[[package]]
name = "lip"
version = "6.0.0"
source = "registry+https://github.com/rust-lang/crates.io-index"
checksum = "6da8c502f0a375a2aef4310426b680aec236e66e38c36832d5c884995229786a"
dependencies = [
 "unicode-segmentation",
 "unicode-width",
 "xi-unicode",
]

[[package]]
name = "lip-json"
version = "0.1.0"
dependencies = [
 "lip",
]

[[package]]
name = "unicode-segmentation"
version = "1.8.0"
source = "registry+https://github.com/rust-lang/crates.io-index"
checksum = "8895849a949e7845e06bd6dc1aa51731a103c42707010a5b591c0038fb73385b"

[[package]]
name = "unicode-width"
version = "0.1.9"
source = "registry+https://github.com/rust-lang/crates.io-index"
checksum = "3ed742d4ea2bd1176e236172c8429aaf54486e7ac098db29ffe6529e0ce50973"

[[package]]
name = "xi-unicode"
version = "0.3.0"
source = "registry+https://github.com/rust-lang/crates.io-index"
checksum = "a67300977d3dc3f8034dae89778f502b6ba20b269527b3223ba59c0cf393bb8a"
